{
  "name": "brepts",
  "version": "0.0.1",
  "lockfileVersion": 1,
  "requires": true,
  "dependencies": {
    "@types/chroma-js": {
      "version": "1.3.0",
      "resolved": "https://registry.npmjs.org/@types/chroma-js/-/chroma-js-1.3.0.tgz",
      "integrity": "sha512-u2EE8tau8cwW+0Z0au55e9x5F7f5TKarUgOfJEbQrtFJg0y6pzOFSJSTCBs6Z0opiGefQdQw7JPLETNfjpt1tQ==",
      "dev": true
    },
    "@types/opentype": {
      "version": "0.0.4",
      "resolved": "https://registry.npmjs.org/@types/opentype/-/opentype-0.0.4.tgz",
      "integrity": "sha1-adJlirm8h6iAiNEeV4vZUoTJydQ=",
      "dev": true
    },
    "@types/qunit": {
      "version": "2.0.31",
      "resolved": "https://registry.npmjs.org/@types/qunit/-/qunit-2.0.31.tgz",
      "integrity": "sha1-pT4s9jUmLIv0anGhN9jHlw3elWI="
    },
    "chroma-js": {
      "version": "1.3.4",
      "resolved": "https://registry.npmjs.org/chroma-js/-/chroma-js-1.3.4.tgz",
      "integrity": "sha1-k6fBnyh5YChcw/3rsgW46hoPBPk="
    },
    "nerdamer": {
      "version": "0.7.10",
      "resolved": "https://registry.npmjs.org/nerdamer/-/nerdamer-0.7.10.tgz",
      "integrity": "sha1-VU94lUh/coMPIGAzr7ziWjjYo6s="
    },
    "svg-pathdata": {
      "version": "4.0.1",
      "resolved": "https://registry.npmjs.org/svg-pathdata/-/svg-pathdata-4.0.1.tgz",
      "integrity": "sha1-fYgNBRQO872jEscqAj23M+nY73o=",
      "dev": true
    },
    "ts3dutils": {
      "version": "file:../ts3dutils",
      "requires": {
        "@types/mocha": "2.2.43",
        "javasetmap.ts": "file:../../javasetmap.ts"
      },
      "dependencies": {
        "@types/mocha": {
          "version": "2.2.43",
          "bundled": true
        },
        "big.js": {
          "version": "3.1.3",
          "bundled": true
        },
        "colors": {
          "version": "1.1.2",
          "bundled": true
        },
        "core-util-is": {
          "version": "1.0.2",
          "bundled": true
        },
        "emojis-list": {
          "version": "2.1.0",
          "bundled": true
        },
        "enhanced-resolve": {
          "version": "3.1.0",
          "bundled": true,
          "requires": {
            "graceful-fs": "4.1.11",
            "memory-fs": "0.4.1",
            "object-assign": "4.1.1",
            "tapable": "0.2.6"
          }
        },
        "errno": {
          "version": "0.1.4",
          "bundled": true,
          "requires": {
            "prr": "0.0.0"
          }
        },
        "graceful-fs": {
          "version": "4.1.11",
          "bundled": true
        },
        "inherits": {
          "version": "2.0.3",
          "bundled": true
        },
        "isarray": {
          "version": "1.0.0",
          "bundled": true
        },
        "javasetmap.ts": {
          "version": "file:../../javasetmap.ts",
          "bundled": true,
          "dependencies": {
            "@types/chai": {
              "version": "4.0.4",
              "bundled": true
            },
            "ansi-regex": {
              "version": "2.1.1",
              "bundled": true
            },
            "ansi-styles": {
              "version": "3.2.0",
              "bundled": true
            },
            "arr-diff": {
              "version": "2.0.0",
              "bundled": true,
              "requires": {
                "arr-flatten": "1.1.0"
              }
            },
            "arr-flatten": {
              "version": "1.1.0",
              "bundled": true
            },
            "array-unique": {
              "version": "0.2.1",
              "bundled": true
            },
            "arrify": {
              "version": "1.0.1",
              "bundled": true
            },
            "assertion-error": {
              "version": "1.0.2",
              "bundled": true
            },
            "atob": {
              "version": "2.0.3",
              "bundled": true
            },
            "balanced-match": {
              "version": "1.0.0",
              "bundled": true
            },
            "brace-expansion": {
              "version": "1.1.8",
              "bundled": true,
              "requires": {
                "balanced-match": "1.0.0",
                "concat-map": "0.0.1"
              }
            },
            "braces": {
              "version": "1.8.5",
              "bundled": true,
              "requires": {
                "expand-range": "1.8.2",
                "preserve": "0.2.0",
                "repeat-element": "1.1.2"
              }
            },
            "browser-stdout": {
              "version": "1.3.0",
              "bundled": true
            },
            "chai": {
              "version": "4.1.2",
              "bundled": true,
              "requires": {
                "assertion-error": "1.0.2",
                "check-error": "1.0.2",
                "deep-eql": "3.0.0",
                "get-func-name": "2.0.0",
                "pathval": "1.1.0",
                "type-detect": "4.0.3"
              }
            },
            "chalk": {
              "version": "2.1.0",
              "bundled": true
            },
            "check-error": {
              "version": "1.0.2",
              "bundled": true
            },
            "color-convert": {
              "version": "1.9.0",
              "bundled": true
            },
            "color-name": {
              "version": "1.1.3",
              "bundled": true
            },
            "colors": {
              "version": "1.1.2",
              "bundled": true
            },
            "commander": {
              "version": "2.9.0",
              "bundled": true,
              "requires": {
                "graceful-readlink": "1.0.1"
              }
            },
            "concat-map": {
              "version": "0.0.1",
              "bundled": true
            },
            "debug": {
              "version": "2.6.8",
              "bundled": true,
              "requires": {
                "ms": "2.0.0"
              }
            },
            "deep-eql": {
              "version": "3.0.0",
              "bundled": true,
              "requires": {
                "type-detect": "4.0.3"
              }
            },
            "diff": {
              "version": "3.2.0",
              "bundled": true
            },
            "escape-string-regexp": {
              "version": "1.0.5",
              "bundled": true
            },
            "estree-walker": {
              "version": "0.3.1",
              "bundled": true
            },
            "esutils": {
              "version": "2.0.2",
              "bundled": true
            },
            "expand-brackets": {
              "version": "0.1.5",
              "bundled": true,
              "requires": {
                "is-posix-bracket": "0.1.1"
              }
            },
            "expand-range": {
              "version": "1.8.2",
              "bundled": true,
              "requires": {
                "fill-range": "2.2.3"
              }
            },
            "extglob": {
              "version": "0.3.2",
              "bundled": true,
              "requires": {
                "is-extglob": "1.0.0"
              }
            },
            "filename-regex": {
              "version": "2.0.1",
              "bundled": true
            },
            "fill-range": {
              "version": "2.2.3",
              "bundled": true,
              "requires": {
                "is-number": "2.1.0",
                "isobject": "2.1.0",
                "randomatic": "1.1.7",
                "repeat-element": "1.1.2",
                "repeat-string": "1.6.1"
              }
            },
            "for-in": {
              "version": "1.0.2",
              "bundled": true
            },
            "for-own": {
              "version": "0.1.5",
              "bundled": true,
              "requires": {
                "for-in": "1.0.2"
              }
            },
            "fs.realpath": {
              "version": "1.0.0",
              "bundled": true
            },
            "get-func-name": {
              "version": "2.0.0",
              "bundled": true
            },
            "glob": {
              "version": "7.1.1",
              "bundled": true,
              "requires": {
                "fs.realpath": "1.0.0",
                "inflight": "1.0.6",
                "inherits": "2.0.3",
                "minimatch": "3.0.4",
                "once": "1.4.0",
                "path-is-absolute": "1.0.1"
              }
            },
            "glob-base": {
              "version": "0.3.0",
              "bundled": true,
              "requires": {
                "glob-parent": "2.0.0",
                "is-glob": "2.0.1"
              }
            },
            "glob-parent": {
              "version": "2.0.0",
              "bundled": true,
              "requires": {
                "is-glob": "2.0.1"
              }
            },
            "graceful-readlink": {
              "version": "1.0.1",
              "bundled": true
            },
            "growl": {
              "version": "1.9.2",
              "bundled": true
            },
            "has-ansi": {
              "version": "2.0.0",
              "bundled": true
            },
            "has-flag": {
              "version": "1.0.0",
              "bundled": true
            },
            "inflight": {
              "version": "1.0.6",
              "bundled": true,
              "requires": {
                "once": "1.4.0",
                "wrappy": "1.0.2"
              }
            },
            "inherits": {
              "version": "2.0.3",
              "bundled": true
            },
            "is-buffer": {
              "version": "1.1.5",
              "bundled": true
            },
            "is-dotfile": {
              "version": "1.0.3",
              "bundled": true
            },
            "is-equal-shallow": {
              "version": "0.1.3",
              "bundled": true,
              "requires": {
                "is-primitive": "2.0.0"
              }
            },
            "is-extendable": {
              "version": "0.1.1",
              "bundled": true
            },
            "is-extglob": {
              "version": "1.0.0",
              "bundled": true
            },
            "is-glob": {
              "version": "2.0.1",
              "bundled": true,
              "requires": {
                "is-extglob": "1.0.0"
              }
            },
            "is-number": {
              "version": "2.1.0",
              "bundled": true,
              "requires": {
                "kind-of": "3.2.2"
              }
            },
            "is-posix-bracket": {
              "version": "0.1.1",
              "bundled": true
            },
            "is-primitive": {
              "version": "2.0.0",
              "bundled": true
            },
            "isarray": {
              "version": "1.0.0",
              "bundled": true
            },
            "isobject": {
              "version": "2.1.0",
              "bundled": true,
              "requires": {
                "isarray": "1.0.0"
              }
            },
            "js-tokens": {
              "version": "3.0.2",
              "bundled": true
            },
            "json3": {
              "version": "3.3.2",
              "bundled": true
            },
            "kind-of": {
              "version": "3.2.2",
              "bundled": true,
              "requires": {
                "is-buffer": "1.1.5"
              }
            },
            "lodash._baseassign": {
              "version": "3.2.0",
              "bundled": true,
              "requires": {
                "lodash._basecopy": "3.0.1",
                "lodash.keys": "3.1.2"
              }
            },
            "lodash._basecopy": {
              "version": "3.0.1",
              "bundled": true
            },
            "lodash._basecreate": {
              "version": "3.0.3",
              "bundled": true
            },
            "lodash._getnative": {
              "version": "3.9.1",
              "bundled": true
            },
            "lodash._isiterateecall": {
              "version": "3.0.9",
              "bundled": true
            },
            "lodash.create": {
              "version": "3.1.1",
              "bundled": true,
              "requires": {
                "lodash._baseassign": "3.2.0",
                "lodash._basecreate": "3.0.3",
                "lodash._isiterateecall": "3.0.9"
              }
            },
            "lodash.isarguments": {
              "version": "3.1.0",
              "bundled": true
            },
            "lodash.isarray": {
              "version": "3.0.4",
              "bundled": true
            },
            "lodash.keys": {
              "version": "3.1.2",
              "bundled": true,
              "requires": {
                "lodash._getnative": "3.9.1",
                "lodash.isarguments": "3.1.0",
                "lodash.isarray": "3.0.4"
              }
            },
            "make-error": {
              "version": "1.3.0",
              "bundled": true
            },
            "micromatch": {
              "version": "2.3.11",
              "bundled": true,
              "requires": {
                "arr-diff": "2.0.0",
                "array-unique": "0.2.1",
                "braces": "1.8.5",
                "expand-brackets": "0.1.5",
                "extglob": "0.3.2",
                "filename-regex": "2.0.1",
                "is-extglob": "1.0.0",
                "is-glob": "2.0.1",
                "kind-of": "3.2.2",
                "normalize-path": "2.1.1",
                "object.omit": "2.0.1",
                "parse-glob": "3.0.4",
                "regex-cache": "0.4.4"
              }
            },
            "minimatch": {
              "version": "3.0.4",
              "bundled": true,
              "requires": {
                "brace-expansion": "1.1.8"
              }
            },
            "minimist": {
              "version": "0.0.8",
              "bundled": true
            },
            "mkdirp": {
              "version": "0.5.1",
              "bundled": true
            },
            "mocha": {
              "version": "3.5.0",
              "bundled": true,
              "requires": {
                "browser-stdout": "1.3.0",
                "commander": "2.9.0",
                "debug": "2.6.8",
                "glob": "7.1.1",
                "growl": "1.9.2",
                "json3": "3.3.2",
                "lodash.create": "3.1.1",
                "supports-color": "3.1.2"
              }
            },
            "ms": {
              "version": "2.0.0",
              "bundled": true
            },
            "naridal-tslib-config": {
              "version": "1.0.4",
              "bundled": true,
              "requires": {
                "comment-json": "1.1.3",
                "fs-extra": "4.0.1",
                "json-stable-stringify": "1.0.1",
                "merge": "1.2.0"
              },
              "dependencies": {
                "comment-json": {
                  "version": "1.1.3",
                  "bundled": true,
                  "requires": {
                    "json-parser": "1.1.5"
                  }
                },
                "esprima": {
                  "version": "2.7.3",
                  "bundled": true
                },
                "fs-extra": {
                  "version": "4.0.1",
                  "bundled": true,
                  "requires": {
                    "graceful-fs": "4.1.11",
                    "jsonfile": "3.0.1",
                    "universalify": "0.1.1"
                  }
                },
                "graceful-fs": {
                  "version": "4.1.11",
                  "bundled": true
                },
                "json-parser": {
                  "version": "1.1.5",
                  "bundled": true,
                  "requires": {
                    "esprima": "2.7.3"
                  }
                },
                "json-stable-stringify": {
                  "version": "1.0.1",
                  "bundled": true,
                  "requires": {
                    "jsonify": "0.0.0"
                  }
                },
                "jsonfile": {
                  "version": "3.0.1",
                  "bundled": true,
                  "requires": {
                    "graceful-fs": "4.1.11"
                  }
                },
                "jsonify": {
                  "version": "0.0.0",
                  "bundled": true
                },
                "merge": {
                  "version": "1.2.0",
                  "bundled": true
                },
                "universalify": {
                  "version": "0.1.1",
                  "bundled": true
                }
              }
            },
            "normalize-path": {
              "version": "2.1.1",
              "bundled": true,
              "requires": {
                "remove-trailing-separator": "1.1.0"
              }
            },
            "object.omit": {
              "version": "2.0.1",
              "bundled": true,
              "requires": {
                "for-own": "0.1.5",
                "is-extendable": "0.1.1"
              }
            },
            "once": {
              "version": "1.4.0",
              "bundled": true,
              "requires": {
                "wrappy": "1.0.2"
              }
            },
            "parse-glob": {
              "version": "3.0.4",
              "bundled": true,
              "requires": {
                "glob-base": "0.3.0",
                "is-dotfile": "1.0.3",
                "is-extglob": "1.0.0",
                "is-glob": "2.0.1"
              }
            },
            "path-is-absolute": {
              "version": "1.0.1",
              "bundled": true
            },
            "path-parse": {
              "version": "1.0.5",
              "bundled": true
            },
            "pathval": {
              "version": "1.1.0",
              "bundled": true
            },
            "preserve": {
              "version": "0.2.0",
              "bundled": true
            },
            "randomatic": {
              "version": "1.1.7",
              "bundled": true,
              "requires": {
                "is-number": "3.0.0",
                "kind-of": "4.0.0"
              },
              "dependencies": {
                "is-number": {
                  "version": "3.0.0",
                  "bundled": true,
                  "requires": {
                    "kind-of": "3.2.2"
                  },
                  "dependencies": {
                    "kind-of": {
                      "version": "3.2.2",
                      "bundled": true,
                      "requires": {
                        "is-buffer": "1.1.5"
                      }
                    }
                  }
                },
                "kind-of": {
                  "version": "4.0.0",
                  "bundled": true,
                  "requires": {
                    "is-buffer": "1.1.5"
                  }
                }
              }
            },
            "regex-cache": {
              "version": "0.4.4",
              "bundled": true,
              "requires": {
                "is-equal-shallow": "0.1.3"
              }
            },
            "remove-trailing-separator": {
              "version": "1.1.0",
              "bundled": true
            },
            "repeat-element": {
              "version": "1.1.2",
              "bundled": true
            },
            "repeat-string": {
              "version": "1.6.1",
              "bundled": true
            },
            "resolve": {
              "version": "1.4.0",
              "bundled": true,
              "requires": {
                "path-parse": "1.0.5"
              }
            },
            "resolve-url": {
              "version": "0.2.1",
              "bundled": true
            },
            "rollup": {
              "version": "0.49.2",
              "bundled": true
            },
            "rollup-plugin-sourcemaps": {
              "version": "0.4.2",
              "bundled": true,
              "requires": {
                "rollup-pluginutils": "2.0.1",
                "source-map-resolve": "0.5.0"
              }
            },
            "rollup-pluginutils": {
              "version": "2.0.1",
              "bundled": true,
              "requires": {
                "estree-walker": "0.3.1",
                "micromatch": "2.3.11"
              }
            },
            "semver": {
              "version": "5.4.1",
              "bundled": true
            },
            "source-map": {
              "version": "0.5.7",
              "bundled": true
            },
            "source-map-resolve": {
              "version": "0.5.0",
              "bundled": true,
              "requires": {
                "atob": "2.0.3",
                "resolve-url": "0.2.1",
                "source-map-url": "0.4.0",
                "urix": "0.1.0"
              }
            },
            "source-map-support": {
              "version": "0.4.17",
              "bundled": true
            },
            "source-map-url": {
              "version": "0.4.0",
              "bundled": true
            },
            "strip-ansi": {
              "version": "3.0.1",
              "bundled": true
            },
            "strip-bom": {
              "version": "3.0.0",
              "bundled": true
            },
            "strip-json-comments": {
              "version": "2.0.1",
              "bundled": true
            },
            "supports-color": {
              "version": "3.1.2",
              "bundled": true,
              "requires": {
                "has-flag": "1.0.0"
              }
            },
            "tsconfig": {
              "version": "6.0.0",
              "bundled": true
            },
            "tslib": {
              "version": "1.7.1",
              "bundled": true
            },
            "tslint": {
              "version": "5.7.0",
              "bundled": true,
              "requires": {
                "colors": "1.1.2",
                "commander": "2.9.0",
                "glob": "7.1.1",
                "minimatch": "3.0.4",
                "resolve": "1.4.0",
                "semver": "5.4.1",
                "tslib": "1.7.1",
                "tsutils": "2.8.2"
              }
            },
            "tsutils": {
              "version": "2.8.2",
              "bundled": true,
              "requires": {
                "tslib": "1.7.1"
              }
            },
            "type-detect": {
              "version": "4.0.3",
              "bundled": true
            },
            "typescript": {
              "version": "2.5.2",
              "bundled": true
            },
            "urix": {
              "version": "0.1.0",
              "bundled": true
            },
            "user-home": {
              "version": "1.1.1",
              "bundled": true
            },
            "v8flags": {
              "version": "3.0.0",
              "bundled": true
            },
            "wrappy": {
              "version": "1.0.2",
              "bundled": true
            },
            "yn": {
              "version": "2.0.0",
              "bundled": true
            }
          }
        },
        "json5": {
          "version": "0.5.1",
          "bundled": true
        },
        "loader-utils": {
          "version": "1.1.0",
          "bundled": true,
          "requires": {
            "big.js": "3.1.3",
            "emojis-list": "2.1.0",
            "json5": "0.5.1"
          }
        },
        "memory-fs": {
          "version": "0.4.1",
          "bundled": true,
          "requires": {
            "errno": "0.1.4",
            "readable-stream": "2.2.11"
          }
        },
        "object-assign": {
          "version": "4.1.1",
          "bundled": true
        },
        "process-nextick-args": {
          "version": "1.0.7",
          "bundled": true
        },
        "prr": {
          "version": "0.0.0",
          "bundled": true
        },
        "readable-stream": {
          "version": "2.2.11",
          "bundled": true,
          "requires": {
            "core-util-is": "1.0.2",
            "inherits": "2.0.3",
            "isarray": "1.0.0",
            "process-nextick-args": "1.0.7",
            "safe-buffer": "5.0.1",
            "string_decoder": "1.0.2",
            "util-deprecate": "1.0.2"
          }
        },
        "safe-buffer": {
          "version": "5.0.1",
          "bundled": true
        },
        "semver": {
          "version": "5.3.0",
          "bundled": true
        },
        "string_decoder": {
          "version": "1.0.2",
          "bundled": true,
          "requires": {
            "safe-buffer": "5.0.1"
          }
        },
        "tapable": {
          "version": "0.2.6",
          "bundled": true
        },
        "ts-loader": {
          "version": "2.1.0",
          "bundled": true,
          "requires": {
            "colors": "1.1.2",
            "enhanced-resolve": "3.1.0",
            "loader-utils": "1.1.0",
            "semver": "5.3.0"
          }
        },
        "util-deprecate": {
          "version": "1.0.2",
          "bundled": true
        }
      }
    },
    "tsgl": {
      "version": "file:../tsgl",
      "requires": {
        "chroma-js": "1.3.4",
        "naridal-tslib-config": "file:../../naridal-tslib-config",
        "ts3dutils": "1.0.0"
      },
      "dependencies": {
        "@types/chroma-js": {
          "version": "1.3.0",
          "bundled": true
        },
        "chroma": {
          "version": "0.0.1",
          "bundled": true
        },
        "chroma-js": {
          "version": "1.3.4",
          "bundled": true
        },
        "naridal-tslib-config": {
          "version": "file:../../naridal-tslib-config",
          "bundled": true,
          "requires": {
            "comment-json": "1.1.3",
            "fs-extra": "4.0.2",
            "json-stable-stringify": "1.0.1",
            "merge": "1.2.0",
            "tslint-eslint-rules": "4.1.1"
          },
          "dependencies": {
            "comment-json": {
              "version": "1.1.3",
              "bundled": true,
              "requires": {
                "json-parser": "1.1.5"
              }
            },
            "doctrine": {
              "version": "0.7.2",
              "bundled": true,
              "requires": {
                "esutils": "1.1.6",
                "isarray": "0.0.1"
              }
            },
            "esprima": {
              "version": "2.7.3",
              "bundled": true
            },
            "esutils": {
              "version": "1.1.6",
              "bundled": true
            },
            "fs-extra": {
              "version": "4.0.2",
              "bundled": true,
              "requires": {
                "graceful-fs": "4.1.11",
                "jsonfile": "4.0.0",
                "universalify": "0.1.1"
              }
            },
            "graceful-fs": {
              "version": "4.1.11",
              "bundled": true
            },
            "isarray": {
              "version": "0.0.1",
              "bundled": true
            },
            "json-parser": {
              "version": "1.1.5",
              "bundled": true,
              "requires": {
                "esprima": "2.7.3"
              }
            },
            "json-stable-stringify": {
              "version": "1.0.1",
              "bundled": true,
              "requires": {
                "jsonify": "0.0.0"
              }
            },
            "jsonfile": {
              "version": "4.0.0",
              "bundled": true,
              "requires": {
                "graceful-fs": "4.1.11"
              }
            },
            "jsonify": {
              "version": "0.0.0",
              "bundled": true
            },
            "merge": {
              "version": "1.2.0",
              "bundled": true
            },
            "tslib": {
              "version": "1.7.1",
              "bundled": true
            },
            "tslint-eslint-rules": {
              "version": "4.1.1",
              "bundled": true,
              "requires": {
                "doctrine": "0.7.2",
                "tslib": "1.7.1",
                "tsutils": "1.9.1"
              }
            },
            "tsutils": {
              "version": "1.9.1",
              "bundled": true
            },
            "universalify": {
              "version": "0.1.1",
              "bundled": true
            }
          }
        },
        "require-relative": {
          "version": "0.8.7",
          "bundled": true
        },
        "rollup-watch": {
          "version": "3.2.2",
          "bundled": true,
          "requires": {
            "require-relative": "0.8.7"
          }
        },
        "ts3dutils": {
          "version": "1.0.0",
          "bundled": true,
          "requires": {
            "@types/mocha": "2.2.43",
            "javasetmap.ts": "file:../../javasetmap.ts"
          },
          "dependencies": {
            "@types/mocha": {
              "version": "2.2.43",
              "bundled": true
            },
            "big.js": {
              "version": "3.1.3",
              "bundled": true
            },
            "colors": {
              "version": "1.1.2",
              "bundled": true
            },
            "core-util-is": {
              "version": "1.0.2",
              "bundled": true
            },
            "emojis-list": {
              "version": "2.1.0",
              "bundled": true
            },
            "enhanced-resolve": {
              "version": "3.1.0",
              "bundled": true,
              "requires": {
                "graceful-fs": "4.1.11",
                "memory-fs": "0.4.1",
                "object-assign": "4.1.1",
                "tapable": "0.2.6"
              }
            },
            "errno": {
              "version": "0.1.4",
              "bundled": true,
              "requires": {
                "prr": "0.0.0"
              }
            },
            "graceful-fs": {
              "version": "4.1.11",
              "bundled": true
            },
            "inherits": {
              "version": "2.0.3",
              "bundled": true
            },
            "isarray": {
              "version": "1.0.0",
              "bundled": true
            },
            "javasetmap.ts": {
              "version": "file:../../javasetmap.ts",
              "bundled": true,
              "dependencies": {}
            },
            "json5": {
              "version": "0.5.1",
              "bundled": true
            },
            "loader-utils": {
              "version": "1.1.0",
              "bundled": true,
              "requires": {
                "big.js": "3.1.3",
                "emojis-list": "2.1.0",
                "json5": "0.5.1"
              }
            },
            "memory-fs": {
              "version": "0.4.1",
              "bundled": true,
              "requires": {
                "errno": "0.1.4",
                "readable-stream": "2.2.11"
              }
            },
            "object-assign": {
              "version": "4.1.1",
              "bundled": true
            },
            "process-nextick-args": {
              "version": "1.0.7",
              "bundled": true
            },
            "prr": {
              "version": "0.0.0",
              "bundled": true
            },
            "readable-stream": {
              "version": "2.2.11",
              "bundled": true,
              "requires": {
                "core-util-is": "1.0.2",
                "inherits": "2.0.3",
                "isarray": "1.0.0",
                "process-nextick-args": "1.0.7",
                "safe-buffer": "5.0.1",
                "string_decoder": "1.0.2",
                "util-deprecate": "1.0.2"
              }
            },
            "safe-buffer": {
              "version": "5.0.1",
              "bundled": true
            },
            "semver": {
              "version": "5.3.0",
              "bundled": true
            },
            "string_decoder": {
              "version": "1.0.2",
              "bundled": true,
              "requires": {
                "safe-buffer": "5.0.1"
              }
            },
            "tapable": {
              "version": "0.2.6",
              "bundled": true
            },
            "ts-loader": {
              "version": "2.1.0",
              "bundled": true,
              "requires": {
                "colors": "1.1.2",
                "enhanced-resolve": "3.1.0",
                "loader-utils": "1.1.0",
                "semver": "5.3.0"
              }
            },
            "util-deprecate": {
              "version": "1.0.2",
              "bundled": true
            }
          }
        }
      }
    }
  }
}
