{
  "name": "brepts",
  "version": "0.0.1",
  "lockfileVersion": 1,
  "requires": true,
  "dependencies": {
    "@types/chroma-js": {
      "version": "1.3.0",
      "resolved": "https://registry.npmjs.org/@types/chroma-js/-/chroma-js-1.3.0.tgz",
      "integrity": "sha512-u2EE8tau8cwW+0Z0au55e9x5F7f5TKarUgOfJEbQrtFJg0y6pzOFSJSTCBs6Z0opiGefQdQw7JPLETNfjpt1tQ==",
      "dev": true
    },
    "@types/opentype": {
      "version": "0.0.4",
      "resolved": "https://registry.npmjs.org/@types/opentype/-/opentype-0.0.4.tgz",
      "integrity": "sha1-adJlirm8h6iAiNEeV4vZUoTJydQ=",
      "dev": true
    },
    "nerdamer": {
      "version": "0.7.10",
      "resolved": "https://registry.npmjs.org/nerdamer/-/nerdamer-0.7.10.tgz",
      "integrity": "sha1-VU94lUh/coMPIGAzr7ziWjjYo6s="
    },
    "svg-pathdata": {
      "version": "4.0.1",
      "resolved": "https://registry.npmjs.org/svg-pathdata/-/svg-pathdata-4.0.1.tgz",
      "integrity": "sha1-fYgNBRQO872jEscqAj23M+nY73o=",
      "dev": true
    },
    "ts3dutils": {
      "version": "file:../ts3dutils",
      "dependencies": {
        "big.js": {
          "version": "3.1.3",
          "bundled": true
        },
        "colors": {
          "version": "1.1.2",
          "bundled": true
        },
        "core-util-is": {
          "version": "1.0.2",
          "bundled": true
        },
        "emojis-list": {
          "version": "2.1.0",
          "bundled": true
        },
        "enhanced-resolve": {
          "version": "3.1.0",
          "bundled": true,
          "requires": {
            "graceful-fs": "4.1.11",
            "memory-fs": "0.4.1",
            "object-assign": "4.1.1",
            "tapable": "0.2.6"
          }
        },
        "errno": {
          "version": "0.1.4",
          "bundled": true,
          "requires": {
            "prr": "0.0.0"
          }
        },
        "graceful-fs": {
          "version": "4.1.11",
          "bundled": true
        },
        "inherits": {
          "version": "2.0.3",
          "bundled": true
        },
        "isarray": {
          "version": "1.0.0",
          "bundled": true
        },
        "json5": {
          "version": "0.5.1",
          "bundled": true
        },
        "loader-utils": {
          "version": "1.1.0",
          "bundled": true,
          "requires": {
            "big.js": "3.1.3",
            "emojis-list": "2.1.0",
            "json5": "0.5.1"
          }
        },
        "memory-fs": {
          "version": "0.4.1",
          "bundled": true,
          "requires": {
            "errno": "0.1.4",
            "readable-stream": "2.2.11"
          }
        },
        "object-assign": {
          "version": "4.1.1",
          "bundled": true
        },
        "process-nextick-args": {
          "version": "1.0.7",
          "bundled": true
        },
        "prr": {
          "version": "0.0.0",
          "bundled": true
        },
        "readable-stream": {
          "version": "2.2.11",
          "bundled": true,
          "requires": {
            "core-util-is": "1.0.2",
            "inherits": "2.0.3",
            "isarray": "1.0.0",
            "process-nextick-args": "1.0.7",
            "safe-buffer": "5.0.1",
            "string_decoder": "1.0.2",
            "util-deprecate": "1.0.2"
          }
        },
        "safe-buffer": {
          "version": "5.0.1",
          "bundled": true
        },
        "semver": {
          "version": "5.3.0",
          "bundled": true
        },
        "string_decoder": {
          "version": "1.0.2",
          "bundled": true,
          "requires": {
            "safe-buffer": "5.0.1"
          }
        },
        "tapable": {
          "version": "0.2.6",
          "bundled": true
        },
        "ts-loader": {
          "version": "2.1.0",
          "bundled": true,
          "requires": {
            "colors": "1.1.2",
            "enhanced-resolve": "3.1.0",
            "loader-utils": "1.1.0",
            "semver": "5.3.0"
          }
        },
        "util-deprecate": {
          "version": "1.0.2",
          "bundled": true
        }
      }
    },
    "tsgl": {
      "version": "file:../tsgl",
      "requires": {
        "chroma": "0.0.1",
        "chroma-js": "1.3.4"
      },
      "dependencies": {
        "@types/chroma-js": {
          "version": "1.3.0",
          "bundled": true
        },
        "big.js": {
          "version": "3.1.3",
          "bundled": true
        },
        "chroma": {
          "version": "0.0.1",
          "bundled": true
        },
        "chroma-js": {
          "version": "1.3.4",
          "bundled": true
        },
        "colors": {
          "version": "1.1.2",
          "bundled": true
        },
        "core-util-is": {
          "version": "1.0.2",
          "bundled": true
        },
        "emojis-list": {
          "version": "2.1.0",
          "bundled": true
        },
        "enhanced-resolve": {
          "version": "3.1.0",
          "bundled": true,
          "requires": {
            "graceful-fs": "4.1.11",
            "memory-fs": "0.4.1",
            "object-assign": "4.1.1",
            "tapable": "0.2.6"
          }
        },
        "errno": {
          "version": "0.1.4",
          "bundled": true,
          "requires": {
            "prr": "0.0.0"
          }
        },
        "graceful-fs": {
          "version": "4.1.11",
          "bundled": true
        },
        "inherits": {
          "version": "2.0.3",
          "bundled": true
        },
        "isarray": {
          "version": "1.0.0",
          "bundled": true
        },
        "json5": {
          "version": "0.5.1",
          "bundled": true
        },
        "loader-utils": {
          "version": "1.1.0",
          "bundled": true,
          "requires": {
            "big.js": "3.1.3",
            "emojis-list": "2.1.0",
            "json5": "0.5.1"
          }
        },
        "memory-fs": {
          "version": "0.4.1",
          "bundled": true,
          "requires": {
            "errno": "0.1.4",
            "readable-stream": "2.2.11"
          }
        },
        "object-assign": {
          "version": "4.1.1",
          "bundled": true
        },
        "process-nextick-args": {
          "version": "1.0.7",
          "bundled": true
        },
        "prr": {
          "version": "0.0.0",
          "bundled": true
        },
        "readable-stream": {
          "version": "2.2.11",
          "bundled": true,
          "requires": {
            "core-util-is": "1.0.2",
            "inherits": "2.0.3",
            "isarray": "1.0.0",
            "process-nextick-args": "1.0.7",
            "safe-buffer": "5.0.1",
            "string_decoder": "1.0.2",
            "util-deprecate": "1.0.2"
          }
        },
        "require-relative": {
          "version": "0.8.7",
          "bundled": true
        },
        "rollup-watch": {
          "version": "3.2.2",
          "bundled": true,
          "requires": {
            "require-relative": "0.8.7"
          }
        },
        "safe-buffer": {
          "version": "5.0.1",
          "bundled": true
        },
        "semver": {
          "version": "5.3.0",
          "bundled": true
        },
        "string_decoder": {
          "version": "1.0.2",
          "bundled": true,
          "requires": {
            "safe-buffer": "5.0.1"
          }
        },
        "tapable": {
          "version": "0.2.6",
          "bundled": true
        },
        "ts-loader": {
          "version": "2.1.0",
          "bundled": true,
          "requires": {
            "colors": "1.1.2",
            "enhanced-resolve": "3.1.0",
            "loader-utils": "1.1.0",
            "semver": "5.3.0"
          }
        },
        "ts3dutils": {
          "version": "1.0.0",
          "bundled": true,
          "dependencies": {
            "big.js": {
              "version": "3.1.3",
              "bundled": true
            },
            "colors": {
              "version": "1.1.2",
              "bundled": true
            },
            "core-util-is": {
              "version": "1.0.2",
              "bundled": true
            },
            "emojis-list": {
              "version": "2.1.0",
              "bundled": true
            },
            "enhanced-resolve": {
              "version": "3.1.0",
              "bundled": true,
              "requires": {
                "graceful-fs": "4.1.11",
                "memory-fs": "0.4.1",
                "object-assign": "4.1.1",
                "tapable": "0.2.6"
              }
            },
            "errno": {
              "version": "0.1.4",
              "bundled": true,
              "requires": {
                "prr": "0.0.0"
              }
            },
            "graceful-fs": {
              "version": "4.1.11",
              "bundled": true
            },
            "inherits": {
              "version": "2.0.3",
              "bundled": true
            },
            "isarray": {
              "version": "1.0.0",
              "bundled": true
            },
            "json5": {
              "version": "0.5.1",
              "bundled": true
            },
            "loader-utils": {
              "version": "1.1.0",
              "bundled": true,
              "requires": {
                "big.js": "3.1.3",
                "emojis-list": "2.1.0",
                "json5": "0.5.1"
              }
            },
            "memory-fs": {
              "version": "0.4.1",
              "bundled": true,
              "requires": {
                "errno": "0.1.4",
                "readable-stream": "2.2.11"
              }
            },
            "object-assign": {
              "version": "4.1.1",
              "bundled": true
            },
            "process-nextick-args": {
              "version": "1.0.7",
              "bundled": true
            },
            "prr": {
              "version": "0.0.0",
              "bundled": true
            },
            "readable-stream": {
              "version": "2.2.11",
              "bundled": true,
              "requires": {
                "core-util-is": "1.0.2",
                "inherits": "2.0.3",
                "isarray": "1.0.0",
                "process-nextick-args": "1.0.7",
                "safe-buffer": "5.0.1",
                "string_decoder": "1.0.2",
                "util-deprecate": "1.0.2"
              }
            },
            "safe-buffer": {
              "version": "5.0.1",
              "bundled": true
            },
            "semver": {
              "version": "5.3.0",
              "bundled": true
            },
            "string_decoder": {
              "version": "1.0.2",
              "bundled": true,
              "requires": {
                "safe-buffer": "5.0.1"
              }
            },
            "tapable": {
              "version": "0.2.6",
              "bundled": true
            },
            "ts-loader": {
              "version": "2.1.0",
              "bundled": true,
              "requires": {
                "colors": "1.1.2",
                "enhanced-resolve": "3.1.0",
                "loader-utils": "1.1.0",
                "semver": "5.3.0"
              }
            },
            "util-deprecate": {
              "version": "1.0.2",
              "bundled": true
            }
          }
        },
        "util-deprecate": {
          "version": "1.0.2",
          "bundled": true
        }
      }
    }
  }
}
